// !$*UTF8*$!
{
	archiveVersion = 1;
	classes = {
	};
	objectVersion = 56;
	objects = {

/* Begin PBXBuildFile section */
		AAAA7EDD2CB7D01E00B9CEBA /* AboutUsViewController.swift in Sources */ = {isa = PBXBuildFile; fileRef = AAAA7EDA2CB7D01E00B9CEBA /* AboutUsViewController.swift */; };
		AAAA7EDE2CB7D01E00B9CEBA /* FeedbackViewController.swift in Sources */ = {isa = PBXBuildFile; fileRef = AAAA7EDB2CB7D01E00B9CEBA /* FeedbackViewController.swift */; };
		AAAA7EDF2CB7D01E00B9CEBA /* SettingsViewController.swift in Sources */ = {isa = PBXBuildFile; fileRef = AAAA7EDC2CB7D01E00B9CEBA /* SettingsViewController.swift */; };
		AAAA7EE12CB7D03100B9CEBA /* Helper.swift in Sources */ = {isa = PBXBuildFile; fileRef = AAAA7EE02CB7D03100B9CEBA /* Helper.swift */; };
		AAAA7EE32CB7D3E500B9CEBA /* CustomPagerViewCell.swift in Sources */ = {isa = PBXBuildFile; fileRef = AAAA7EE22CB7D3E400B9CEBA /* CustomPagerViewCell.swift */; };
		F1F35E8FF1D2E4DF62C3B812 /* Pods_HairGlam_Studio.framework in Frameworks */ = {isa = PBXBuildFile; fileRef = 0615AFA564A18EE01CBFCCDE /* Pods_HairGlam_Studio.framework */; };
		F5B313192CB3BE7400ED941A /* HomeTableViewCell.swift in Sources */ = {isa = PBXBuildFile; fileRef = F5B313182CB3BE7400ED941A /* HomeTableViewCell.swift */; };
		F5B3131C2CB3F2F700ED941A /* CreateRecordViewController.swift in Sources */ = {isa = PBXBuildFile; fileRef = F5B3131B2CB3F2F700ED941A /* CreateRecordViewController.swift */; };
		F5B3131F2CB3F31200ED941A /* HistoryViewController.swift in Sources */ = {isa = PBXBuildFile; fileRef = F5B3131E2CB3F31200ED941A /* HistoryViewController.swift */; };
		F5B313212CB403E500ED941A /* HistoryTableViewCell.swift in Sources */ = {isa = PBXBuildFile; fileRef = F5B313202CB403E500ED941A /* HistoryTableViewCell.swift */; };
		F5B5DCE22CAE762B0073F5E4 /* DownloadViewController.swift in Sources */ = {isa = PBXBuildFile; fileRef = F5B5DCE12CAE762B0073F5E4 /* DownloadViewController.swift */; };
		F5C0D6D22CAA94EE00509359 /* AppDelegate.swift in Sources */ = {isa = PBXBuildFile; fileRef = F5C0D6D12CAA94EE00509359 /* AppDelegate.swift */; };
		F5C0D6D42CAA94EE00509359 /* SceneDelegate.swift in Sources */ = {isa = PBXBuildFile; fileRef = F5C0D6D32CAA94EE00509359 /* SceneDelegate.swift */; };
		F5C0D6D92CAA94EE00509359 /* Base in Resources */ = {isa = PBXBuildFile; fileRef = F5C0D6D82CAA94EE00509359 /* Base */; };
		F5C0D6DB2CAA94F100509359 /* Assets.xcassets in Resources */ = {isa = PBXBuildFile; fileRef = F5C0D6DA2CAA94F100509359 /* Assets.xcassets */; };
		F5C0D6DE2CAA94F100509359 /* Base in Resources */ = {isa = PBXBuildFile; fileRef = F5C0D6DD2CAA94F100509359 /* Base */; };
		F5C0D6E72CAAA38F00509359 /* WelcomeViewController.swift in Sources */ = {isa = PBXBuildFile; fileRef = F5C0D6E62CAAA38F00509359 /* WelcomeViewController.swift */; };
		F5C0D6F32CAAAEE900509359 /* HomeViewController.swift in Sources */ = {isa = PBXBuildFile; fileRef = F5C0D6F22CAAAEE900509359 /* HomeViewController.swift */; };
		F5DD5D832CAC08EC0088242C /* DetailViewController.swift in Sources */ = {isa = PBXBuildFile; fileRef = F5DD5D822CAC08EC0088242C /* DetailViewController.swift */; };
		F5DD5D852CAC08F90088242C /* DetailCollectionViewCell.swift in Sources */ = {isa = PBXBuildFile; fileRef = F5DD5D842CAC08F90088242C /* DetailCollectionViewCell.swift */; };
		F5E1E47A2CAAED4A009EBC45 /* CategoriesViewController.swift in Sources */ = {isa = PBXBuildFile; fileRef = F5E1E4792CAAED4A009EBC45 /* CategoriesViewController.swift */; };
		F5E1E47C2CAAED62009EBC45 /* CategoriesCollectionViewCell.swift in Sources */ = {isa = PBXBuildFile; fileRef = F5E1E47B2CAAED62009EBC45 /* CategoriesCollectionViewCell.swift */; };
/* End PBXBuildFile section */

/* Begin PBXFileReference section */
		0615AFA564A18EE01CBFCCDE /* Pods_HairGlam_Studio.framework */ = {isa = PBXFileReference; explicitFileType = wrapper.framework; includeInIndex = 0; path = Pods_HairGlam_Studio.framework; sourceTree = BUILT_PRODUCTS_DIR; };
		AAAA7EDA2CB7D01E00B9CEBA /* AboutUsViewController.swift */ = {isa = PBXFileReference; fileEncoding = 4; lastKnownFileType = sourcecode.swift; path = AboutUsViewController.swift; sourceTree = "<group>"; };
		AAAA7EDB2CB7D01E00B9CEBA /* FeedbackViewController.swift */ = {isa = PBXFileReference; fileEncoding = 4; lastKnownFileType = sourcecode.swift; path = FeedbackViewController.swift; sourceTree = "<group>"; };
		AAAA7EDC2CB7D01E00B9CEBA /* SettingsViewController.swift */ = {isa = PBXFileReference; fileEncoding = 4; lastKnownFileType = sourcecode.swift; path = SettingsViewController.swift; sourceTree = "<group>"; };
		AAAA7EE02CB7D03100B9CEBA /* Helper.swift */ = {isa = PBXFileReference; fileEncoding = 4; lastKnownFileType = sourcecode.swift; path = Helper.swift; sourceTree = "<group>"; };
		AAAA7EE22CB7D3E400B9CEBA /* CustomPagerViewCell.swift */ = {isa = PBXFileReference; fileEncoding = 4; lastKnownFileType = sourcecode.swift; path = CustomPagerViewCell.swift; sourceTree = "<group>"; };
		F14FD8440CA2A340A7091181 /* Pods-HairGlam Studio.debug.xcconfig */ = {isa = PBXFileReference; includeInIndex = 1; lastKnownFileType = text.xcconfig; name = "Pods-HairGlam Studio.debug.xcconfig"; path = "Target Support Files/Pods-HairGlam Studio/Pods-HairGlam Studio.debug.xcconfig"; sourceTree = "<group>"; };
		F5B313182CB3BE7400ED941A /* HomeTableViewCell.swift */ = {isa = PBXFileReference; lastKnownFileType = sourcecode.swift; path = HomeTableViewCell.swift; sourceTree = "<group>"; };
		F5B3131B2CB3F2F700ED941A /* CreateRecordViewController.swift */ = {isa = PBXFileReference; lastKnownFileType = sourcecode.swift; path = CreateRecordViewController.swift; sourceTree = "<group>"; };
		F5B3131E2CB3F31200ED941A /* HistoryViewController.swift */ = {isa = PBXFileReference; lastKnownFileType = sourcecode.swift; path = HistoryViewController.swift; sourceTree = "<group>"; };
		F5B313202CB403E500ED941A /* HistoryTableViewCell.swift */ = {isa = PBXFileReference; lastKnownFileType = sourcecode.swift; path = HistoryTableViewCell.swift; sourceTree = "<group>"; };
		F5B5DCE12CAE762B0073F5E4 /* DownloadViewController.swift */ = {isa = PBXFileReference; lastKnownFileType = sourcecode.swift; path = DownloadViewController.swift; sourceTree = "<group>"; };
		F5C0D6CE2CAA94EE00509359 /* HairGlam Studio.app */ = {isa = PBXFileReference; explicitFileType = wrapper.application; includeInIndex = 0; path = "HairGlam Studio.app"; sourceTree = BUILT_PRODUCTS_DIR; };
		F5C0D6D12CAA94EE00509359 /* AppDelegate.swift */ = {isa = PBXFileReference; lastKnownFileType = sourcecode.swift; path = AppDelegate.swift; sourceTree = "<group>"; };
		F5C0D6D32CAA94EE00509359 /* SceneDelegate.swift */ = {isa = PBXFileReference; lastKnownFileType = sourcecode.swift; path = SceneDelegate.swift; sourceTree = "<group>"; };
		F5C0D6D82CAA94EE00509359 /* Base */ = {isa = PBXFileReference; lastKnownFileType = file.storyboard; name = Base; path = Base.lproj/Main.storyboard; sourceTree = "<group>"; };
		F5C0D6DA2CAA94F100509359 /* Assets.xcassets */ = {isa = PBXFileReference; lastKnownFileType = folder.assetcatalog; path = Assets.xcassets; sourceTree = "<group>"; };
		F5C0D6DD2CAA94F100509359 /* Base */ = {isa = PBXFileReference; lastKnownFileType = file.storyboard; name = Base; path = Base.lproj/LaunchScreen.storyboard; sourceTree = "<group>"; };
		F5C0D6DF2CAA94F100509359 /* Info.plist */ = {isa = PBXFileReference; lastKnownFileType = text.plist.xml; path = Info.plist; sourceTree = "<group>"; };
		F5C0D6E62CAAA38F00509359 /* WelcomeViewController.swift */ = {isa = PBXFileReference; lastKnownFileType = sourcecode.swift; path = WelcomeViewController.swift; sourceTree = "<group>"; };
		F5C0D6F22CAAAEE900509359 /* HomeViewController.swift */ = {isa = PBXFileReference; lastKnownFileType = sourcecode.swift; path = HomeViewController.swift; sourceTree = "<group>"; };
		F5DD5D822CAC08EC0088242C /* DetailViewController.swift */ = {isa = PBXFileReference; lastKnownFileType = sourcecode.swift; path = DetailViewController.swift; sourceTree = "<group>"; };
		F5DD5D842CAC08F90088242C /* DetailCollectionViewCell.swift */ = {isa = PBXFileReference; lastKnownFileType = sourcecode.swift; path = DetailCollectionViewCell.swift; sourceTree = "<group>"; };
		F5E1E4792CAAED4A009EBC45 /* CategoriesViewController.swift */ = {isa = PBXFileReference; lastKnownFileType = sourcecode.swift; path = CategoriesViewController.swift; sourceTree = "<group>"; };
		F5E1E47B2CAAED62009EBC45 /* CategoriesCollectionViewCell.swift */ = {isa = PBXFileReference; lastKnownFileType = sourcecode.swift; path = CategoriesCollectionViewCell.swift; sourceTree = "<group>"; };
		F7F8AA6EBC55BD3CBB5BFC0C /* Pods-HairGlam Studio.release.xcconfig */ = {isa = PBXFileReference; includeInIndex = 1; lastKnownFileType = text.xcconfig; name = "Pods-HairGlam Studio.release.xcconfig"; path = "Target Support Files/Pods-HairGlam Studio/Pods-HairGlam Studio.release.xcconfig"; sourceTree = "<group>"; };
/* End PBXFileReference section */

/* Begin PBXFrameworksBuildPhase section */
		F5C0D6CB2CAA94EE00509359 /* Frameworks */ = {
			isa = PBXFrameworksBuildPhase;
			buildActionMask = 2147483647;
			files = (
				F1F35E8FF1D2E4DF62C3B812 /* Pods_HairGlam_Studio.framework in Frameworks */,
			);
			runOnlyForDeploymentPostprocessing = 0;
		};
/* End PBXFrameworksBuildPhase section */

/* Begin PBXGroup section */
		AB0F70F23508008061C26E1A /* Frameworks */ = {
			isa = PBXGroup;
			children = (
				0615AFA564A18EE01CBFCCDE /* Pods_HairGlam_Studio.framework */,
			);
			name = Frameworks;
			sourceTree = "<group>";
		};
		F108CA1DC2F5EFCE896DAF37 /* Pods */ = {
			isa = PBXGroup;
			children = (
				F14FD8440CA2A340A7091181 /* Pods-HairGlam Studio.debug.xcconfig */,
				F7F8AA6EBC55BD3CBB5BFC0C /* Pods-HairGlam Studio.release.xcconfig */,
			);
			path = Pods;
			sourceTree = "<group>";
		};
		F5B3131A2CB3F2C300ED941A /* Createrecord */ = {
			isa = PBXGroup;
			children = (
				F5B3131B2CB3F2F700ED941A /* CreateRecordViewController.swift */,
			);
			path = Createrecord;
			sourceTree = "<group>";
		};
		F5B3131D2CB3F2FF00ED941A /* History */ = {
			isa = PBXGroup;
			children = (
				F5B3131E2CB3F31200ED941A /* HistoryViewController.swift */,
				F5B313202CB403E500ED941A /* HistoryTableViewCell.swift */,
			);
			path = History;
			sourceTree = "<group>";
		};
		F5B5DCE02CAE75DF0073F5E4 /* DownloadVC */ = {
			isa = PBXGroup;
			children = (
				F5B5DCE12CAE762B0073F5E4 /* DownloadViewController.swift */,
			);
			path = DownloadVC;
			sourceTree = "<group>";
		};
		F5B5DCE32CAE7E2A0073F5E4 /* Settings */ = {
			isa = PBXGroup;
			children = (
				AAAA7EDA2CB7D01E00B9CEBA /* AboutUsViewController.swift */,
				AAAA7EDB2CB7D01E00B9CEBA /* FeedbackViewController.swift */,
				AAAA7EDC2CB7D01E00B9CEBA /* SettingsViewController.swift */,
			);
			path = Settings;
			sourceTree = "<group>";
		};
		F5C0D6C52CAA94EE00509359 = {
			isa = PBXGroup;
			children = (
				F5C0D6D02CAA94EE00509359 /* HairGlam Studio */,
				F5C0D6CF2CAA94EE00509359 /* Products */,
				F108CA1DC2F5EFCE896DAF37 /* Pods */,
				AB0F70F23508008061C26E1A /* Frameworks */,
			);
			sourceTree = "<group>";
		};
		F5C0D6CF2CAA94EE00509359 /* Products */ = {
			isa = PBXGroup;
			children = (
				F5C0D6CE2CAA94EE00509359 /* HairGlam Studio.app */,
			);
			name = Products;
			sourceTree = "<group>";
		};
		F5C0D6D02CAA94EE00509359 /* HairGlam Studio */ = {
			isa = PBXGroup;
			children = (
				F5B3131D2CB3F2FF00ED941A /* History */,
				F5B3131A2CB3F2C300ED941A /* Createrecord */,
				F5B5DCE32CAE7E2A0073F5E4 /* Settings */,
				F5B5DCE02CAE75DF0073F5E4 /* DownloadVC */,
				F5DD5D812CAC08C90088242C /* DetailVC */,
				F5E1E4782CAAED29009EBC45 /* CategoriesVC */,
				F5C0D6EF2CAAAAC400509359 /* Helper */,
				F5C0D6E52CAAA35000509359 /* WelcomeVC */,
				F5C0D6D12CAA94EE00509359 /* AppDelegate.swift */,
				F5C0D6D32CAA94EE00509359 /* SceneDelegate.swift */,
				F5C0D6E82CAAA44A00509359 /* HomeVC */,
				F5C0D6D72CAA94EE00509359 /* Main.storyboard */,
				F5C0D6DA2CAA94F100509359 /* Assets.xcassets */,
				F5C0D6DC2CAA94F100509359 /* LaunchScreen.storyboard */,
				F5C0D6DF2CAA94F100509359 /* Info.plist */,
			);
			path = "HairGlam Studio";
			sourceTree = "<group>";
		};
		F5C0D6E52CAAA35000509359 /* WelcomeVC */ = {
			isa = PBXGroup;
			children = (
				F5C0D6E62CAAA38F00509359 /* WelcomeViewController.swift */,
			);
			path = WelcomeVC;
			sourceTree = "<group>";
		};
		F5C0D6E82CAAA44A00509359 /* HomeVC */ = {
			isa = PBXGroup;
			children = (
				AAAA7EE22CB7D3E400B9CEBA /* CustomPagerViewCell.swift */,
				F5C0D6F22CAAAEE900509359 /* HomeViewController.swift */,
				F5B313182CB3BE7400ED941A /* HomeTableViewCell.swift */,
			);
			path = HomeVC;
			sourceTree = "<group>";
		};
		F5C0D6EF2CAAAAC400509359 /* Helper */ = {
			isa = PBXGroup;
			children = (
				AAAA7EE02CB7D03100B9CEBA /* Helper.swift */,
			);
			path = Helper;
			sourceTree = "<group>";
		};
		F5DD5D812CAC08C90088242C /* DetailVC */ = {
			isa = PBXGroup;
			children = (
				F5DD5D822CAC08EC0088242C /* DetailViewController.swift */,
				F5DD5D842CAC08F90088242C /* DetailCollectionViewCell.swift */,
			);
			path = DetailVC;
			sourceTree = "<group>";
		};
		F5E1E4782CAAED29009EBC45 /* CategoriesVC */ = {
			isa = PBXGroup;
			children = (
				F5E1E4792CAAED4A009EBC45 /* CategoriesViewController.swift */,
				F5E1E47B2CAAED62009EBC45 /* CategoriesCollectionViewCell.swift */,
			);
			path = CategoriesVC;
			sourceTree = "<group>";
		};
/* End PBXGroup section */

/* Begin PBXNativeTarget section */
		F5C0D6CD2CAA94EE00509359 /* HairGlam Studio */ = {
			isa = PBXNativeTarget;
			buildConfigurationList = F5C0D6E22CAA94F100509359 /* Build configuration list for PBXNativeTarget "HairGlam Studio" */;
			buildPhases = (
				0B6FBA2B92E52184C101CE6A /* [CP] Check Pods Manifest.lock */,
				F5C0D6CA2CAA94EE00509359 /* Sources */,
				F5C0D6CB2CAA94EE00509359 /* Frameworks */,
				F5C0D6CC2CAA94EE00509359 /* Resources */,
				FD176D3D78130BC3ADA5FC99 /* [CP] Embed Pods Frameworks */,
			);
			buildRules = (
			);
			dependencies = (
			);
			name = "HairGlam Studio";
			productName = "HairGlam Studio";
			productReference = F5C0D6CE2CAA94EE00509359 /* HairGlam Studio.app */;
			productType = "com.apple.product-type.application";
		};
/* End PBXNativeTarget section */

/* Begin PBXProject section */
		F5C0D6C62CAA94EE00509359 /* Project object */ = {
			isa = PBXProject;
			attributes = {
				BuildIndependentTargetsInParallel = 1;
				LastSwiftUpdateCheck = 1540;
				LastUpgradeCheck = 1540;
				TargetAttributes = {
					F5C0D6CD2CAA94EE00509359 = {
						CreatedOnToolsVersion = 15.4;
					};
				};
			};
			buildConfigurationList = F5C0D6C92CAA94EE00509359 /* Build configuration list for PBXProject "HairGlam Studio" */;
			compatibilityVersion = "Xcode 14.0";
			developmentRegion = en;
			hasScannedForEncodings = 0;
			knownRegions = (
				en,
				Base,
			);
			mainGroup = F5C0D6C52CAA94EE00509359;
			productRefGroup = F5C0D6CF2CAA94EE00509359 /* Products */;
			projectDirPath = "";
			projectRoot = "";
			targets = (
				F5C0D6CD2CAA94EE00509359 /* HairGlam Studio */,
			);
		};
/* End PBXProject section */

/* Begin PBXResourcesBuildPhase section */
		F5C0D6CC2CAA94EE00509359 /* Resources */ = {
			isa = PBXResourcesBuildPhase;
			buildActionMask = 2147483647;
			files = (
				F5C0D6DB2CAA94F100509359 /* Assets.xcassets in Resources */,
				F5C0D6DE2CAA94F100509359 /* Base in Resources */,
				F5C0D6D92CAA94EE00509359 /* Base in Resources */,
			);
			runOnlyForDeploymentPostprocessing = 0;
		};
/* End PBXResourcesBuildPhase section */

/* Begin PBXShellScriptBuildPhase section */
		0B6FBA2B92E52184C101CE6A /* [CP] Check Pods Manifest.lock */ = {
			isa = PBXShellScriptBuildPhase;
			buildActionMask = 2147483647;
			files = (
			);
			inputFileListPaths = (
			);
			inputPaths = (
				"${PODS_PODFILE_DIR_PATH}/Podfile.lock",
				"${PODS_ROOT}/Manifest.lock",
			);
			name = "[CP] Check Pods Manifest.lock";
			outputFileListPaths = (
			);
			outputPaths = (
				"$(DERIVED_FILE_DIR)/Pods-HairGlam Studio-checkManifestLockResult.txt",
			);
			runOnlyForDeploymentPostprocessing = 0;
			shellPath = /bin/sh;
			shellScript = "diff \"${PODS_PODFILE_DIR_PATH}/Podfile.lock\" \"${PODS_ROOT}/Manifest.lock\" > /dev/null\nif [ $? != 0 ] ; then\n    # print error to STDERR\n    echo \"error: The sandbox is not in sync with the Podfile.lock. Run 'pod install' or update your CocoaPods installation.\" >&2\n    exit 1\nfi\n# This output is used by Xcode 'outputs' to avoid re-running this script phase.\necho \"SUCCESS\" > \"${SCRIPT_OUTPUT_FILE_0}\"\n";
			showEnvVarsInLog = 0;
		};
		FD176D3D78130BC3ADA5FC99 /* [CP] Embed Pods Frameworks */ = {
			isa = PBXShellScriptBuildPhase;
			buildActionMask = 2147483647;
			files = (
			);
			inputFileListPaths = (
				"${PODS_ROOT}/Target Support Files/Pods-HairGlam Studio/Pods-HairGlam Studio-frameworks-${CONFIGURATION}-input-files.xcfilelist",
			);
			name = "[CP] Embed Pods Frameworks";
			outputFileListPaths = (
				"${PODS_ROOT}/Target Support Files/Pods-HairGlam Studio/Pods-HairGlam Studio-frameworks-${CONFIGURATION}-output-files.xcfilelist",
			);
			runOnlyForDeploymentPostprocessing = 0;
			shellPath = /bin/sh;
			shellScript = "\"${PODS_ROOT}/Target Support Files/Pods-HairGlam Studio/Pods-HairGlam Studio-frameworks.sh\"\n";
			showEnvVarsInLog = 0;
		};
/* End PBXShellScriptBuildPhase section */

/* Begin PBXSourcesBuildPhase section */
		F5C0D6CA2CAA94EE00509359 /* Sources */ = {
			isa = PBXSourcesBuildPhase;
			buildActionMask = 2147483647;
			files = (
				F5DD5D852CAC08F90088242C /* DetailCollectionViewCell.swift in Sources */,
				F5E1E47C2CAAED62009EBC45 /* CategoriesCollectionViewCell.swift in Sources */,
				AAAA7EDE2CB7D01E00B9CEBA /* FeedbackViewController.swift in Sources */,
				F5C0D6E72CAAA38F00509359 /* WelcomeViewController.swift in Sources */,
				AAAA7EE12CB7D03100B9CEBA /* Helper.swift in Sources */,
				F5C0D6D22CAA94EE00509359 /* AppDelegate.swift in Sources */,
				F5C0D6F32CAAAEE900509359 /* HomeViewController.swift in Sources */,
				F5DD5D832CAC08EC0088242C /* DetailViewController.swift in Sources */,
				AAAA7EDD2CB7D01E00B9CEBA /* AboutUsViewController.swift in Sources */,
				F5E1E47A2CAAED4A009EBC45 /* CategoriesViewController.swift in Sources */,
				F5B5DCE22CAE762B0073F5E4 /* DownloadViewController.swift in Sources */,
				F5B3131C2CB3F2F700ED941A /* CreateRecordViewController.swift in Sources */,
				AAAA7EE32CB7D3E500B9CEBA /* CustomPagerViewCell.swift in Sources */,
				F5B313212CB403E500ED941A /* HistoryTableViewCell.swift in Sources */,
				F5B3131F2CB3F31200ED941A /* HistoryViewController.swift in Sources */,
				F5B313192CB3BE7400ED941A /* HomeTableViewCell.swift in Sources */,
				F5C0D6D42CAA94EE00509359 /* SceneDelegate.swift in Sources */,
				AAAA7EDF2CB7D01E00B9CEBA /* SettingsViewController.swift in Sources */,
			);
			runOnlyForDeploymentPostprocessing = 0;
		};
/* End PBXSourcesBuildPhase section */

/* Begin PBXVariantGroup section */
		F5C0D6D72CAA94EE00509359 /* Main.storyboard */ = {
			isa = PBXVariantGroup;
			children = (
				F5C0D6D82CAA94EE00509359 /* Base */,
			);
			name = Main.storyboard;
			sourceTree = "<group>";
		};
		F5C0D6DC2CAA94F100509359 /* LaunchScreen.storyboard */ = {
			isa = PBXVariantGroup;
			children = (
				F5C0D6DD2CAA94F100509359 /* Base */,
			);
			name = LaunchScreen.storyboard;
			sourceTree = "<group>";
		};
/* End PBXVariantGroup section */

/* Begin XCBuildConfiguration section */
		F5C0D6E02CAA94F100509359 /* Debug */ = {
			isa = XCBuildConfiguration;
			buildSettings = {
				ALWAYS_SEARCH_USER_PATHS = NO;
				ASSETCATALOG_COMPILER_GENERATE_SWIFT_ASSET_SYMBOL_EXTENSIONS = YES;
				CLANG_ANALYZER_NONNULL = YES;
				CLANG_ANALYZER_NUMBER_OBJECT_CONVERSION = YES_AGGRESSIVE;
				CLANG_CXX_LANGUAGE_STANDARD = "gnu++20";
				CLANG_ENABLE_MODULES = YES;
				CLANG_ENABLE_OBJC_ARC = YES;
				CLANG_ENABLE_OBJC_WEAK = YES;
				CLANG_WARN_BLOCK_CAPTURE_AUTORELEASING = YES;
				CLANG_WARN_BOOL_CONVERSION = YES;
				CLANG_WARN_COMMA = YES;
				CLANG_WARN_CONSTANT_CONVERSION = YES;
				CLANG_WARN_DEPRECATED_OBJC_IMPLEMENTATIONS = YES;
				CLANG_WARN_DIRECT_OBJC_ISA_USAGE = YES_ERROR;
				CLANG_WARN_DOCUMENTATION_COMMENTS = YES;
				CLANG_WARN_EMPTY_BODY = YES;
				CLANG_WARN_ENUM_CONVERSION = YES;
				CLANG_WARN_INFINITE_RECURSION = YES;
				CLANG_WARN_INT_CONVERSION = YES;
				CLANG_WARN_NON_LITERAL_NULL_CONVERSION = YES;
				CLANG_WARN_OBJC_IMPLICIT_RETAIN_SELF = YES;
				CLANG_WARN_OBJC_LITERAL_CONVERSION = YES;
				CLANG_WARN_OBJC_ROOT_CLASS = YES_ERROR;
				CLANG_WARN_QUOTED_INCLUDE_IN_FRAMEWORK_HEADER = YES;
				CLANG_WARN_RANGE_LOOP_ANALYSIS = YES;
				CLANG_WARN_STRICT_PROTOTYPES = YES;
				CLANG_WARN_SUSPICIOUS_MOVE = YES;
				CLANG_WARN_UNGUARDED_AVAILABILITY = YES_AGGRESSIVE;
				CLANG_WARN_UNREACHABLE_CODE = YES;
				CLANG_WARN__DUPLICATE_METHOD_MATCH = YES;
				COPY_PHASE_STRIP = NO;
				DEBUG_INFORMATION_FORMAT = dwarf;
				ENABLE_STRICT_OBJC_MSGSEND = YES;
				ENABLE_TESTABILITY = YES;
				ENABLE_USER_SCRIPT_SANDBOXING = NO;
				GCC_C_LANGUAGE_STANDARD = gnu17;
				GCC_DYNAMIC_NO_PIC = NO;
				GCC_NO_COMMON_BLOCKS = YES;
				GCC_OPTIMIZATION_LEVEL = 0;
				GCC_PREPROCESSOR_DEFINITIONS = (
					"DEBUG=1",
					"$(inherited)",
				);
				GCC_WARN_64_TO_32_BIT_CONVERSION = YES;
				GCC_WARN_ABOUT_RETURN_TYPE = YES_ERROR;
				GCC_WARN_UNDECLARED_SELECTOR = YES;
				GCC_WARN_UNINITIALIZED_AUTOS = YES_AGGRESSIVE;
				GCC_WARN_UNUSED_FUNCTION = YES;
				GCC_WARN_UNUSED_VARIABLE = YES;
				IPHONEOS_DEPLOYMENT_TARGET = 17.5;
				LOCALIZATION_PREFERS_STRING_CATALOGS = YES;
				MTL_ENABLE_DEBUG_INFO = INCLUDE_SOURCE;
				MTL_FAST_MATH = YES;
				ONLY_ACTIVE_ARCH = YES;
				SDKROOT = iphoneos;
				SWIFT_ACTIVE_COMPILATION_CONDITIONS = "DEBUG $(inherited)";
				SWIFT_OPTIMIZATION_LEVEL = "-Onone";
			};
			name = Debug;
		};
		F5C0D6E12CAA94F100509359 /* Release */ = {
			isa = XCBuildConfiguration;
			buildSettings = {
				ALWAYS_SEARCH_USER_PATHS = NO;
				ASSETCATALOG_COMPILER_GENERATE_SWIFT_ASSET_SYMBOL_EXTENSIONS = YES;
				CLANG_ANALYZER_NONNULL = YES;
				CLANG_ANALYZER_NUMBER_OBJECT_CONVERSION = YES_AGGRESSIVE;
				CLANG_CXX_LANGUAGE_STANDARD = "gnu++20";
				CLANG_ENABLE_MODULES = YES;
				CLANG_ENABLE_OBJC_ARC = YES;
				CLANG_ENABLE_OBJC_WEAK = YES;
				CLANG_WARN_BLOCK_CAPTURE_AUTORELEASING = YES;
				CLANG_WARN_BOOL_CONVERSION = YES;
				CLANG_WARN_COMMA = YES;
				CLANG_WARN_CONSTANT_CONVERSION = YES;
				CLANG_WARN_DEPRECATED_OBJC_IMPLEMENTATIONS = YES;
				CLANG_WARN_DIRECT_OBJC_ISA_USAGE = YES_ERROR;
				CLANG_WARN_DOCUMENTATION_COMMENTS = YES;
				CLANG_WARN_EMPTY_BODY = YES;
				CLANG_WARN_ENUM_CONVERSION = YES;
				CLANG_WARN_INFINITE_RECURSION = YES;
				CLANG_WARN_INT_CONVERSION = YES;
				CLANG_WARN_NON_LITERAL_NULL_CONVERSION = YES;
				CLANG_WARN_OBJC_IMPLICIT_RETAIN_SELF = YES;
				CLANG_WARN_OBJC_LITERAL_CONVERSION = YES;
				CLANG_WARN_OBJC_ROOT_CLASS = YES_ERROR;
				CLANG_WARN_QUOTED_INCLUDE_IN_FRAMEWORK_HEADER = YES;
				CLANG_WARN_RANGE_LOOP_ANALYSIS = YES;
				CLANG_WARN_STRICT_PROTOTYPES = YES;
				CLANG_WARN_SUSPICIOUS_MOVE = YES;
				CLANG_WARN_UNGUARDED_AVAILABILITY = YES_AGGRESSIVE;
				CLANG_WARN_UNREACHABLE_CODE = YES;
				CLANG_WARN__DUPLICATE_METHOD_MATCH = YES;
				COPY_PHASE_STRIP = NO;
				DEBUG_INFORMATION_FORMAT = "dwarf-with-dsym";
				ENABLE_NS_ASSERTIONS = NO;
				ENABLE_STRICT_OBJC_MSGSEND = YES;
				ENABLE_USER_SCRIPT_SANDBOXING = NO;
				GCC_C_LANGUAGE_STANDARD = gnu17;
				GCC_NO_COMMON_BLOCKS = YES;
				GCC_WARN_64_TO_32_BIT_CONVERSION = YES;
				GCC_WARN_ABOUT_RETURN_TYPE = YES_ERROR;
				GCC_WARN_UNDECLARED_SELECTOR = YES;
				GCC_WARN_UNINITIALIZED_AUTOS = YES_AGGRESSIVE;
				GCC_WARN_UNUSED_FUNCTION = YES;
				GCC_WARN_UNUSED_VARIABLE = YES;
				IPHONEOS_DEPLOYMENT_TARGET = 17.5;
				LOCALIZATION_PREFERS_STRING_CATALOGS = YES;
				MTL_ENABLE_DEBUG_INFO = NO;
				MTL_FAST_MATH = YES;
				SDKROOT = iphoneos;
				SWIFT_COMPILATION_MODE = wholemodule;
				VALIDATE_PRODUCT = YES;
			};
			name = Release;
		};
		F5C0D6E32CAA94F100509359 /* Debug */ = {
			isa = XCBuildConfiguration;
			baseConfigurationReference = F14FD8440CA2A340A7091181 /* Pods-HairGlam Studio.debug.xcconfig */;
			buildSettings = {
				ASSETCATALOG_COMPILER_APPICON_NAME = AppIcon;
				ASSETCATALOG_COMPILER_GLOBAL_ACCENT_COLOR_NAME = AccentColor;
				CODE_SIGN_STYLE = Automatic;
				CURRENT_PROJECT_VERSION = 1;
				DEVELOPMENT_TEAM = 8B5HH924MS;
				GENERATE_INFOPLIST_FILE = YES;
				INFOPLIST_FILE = "HairGlam Studio/Info.plist";
				INFOPLIST_KEY_CFBundleDisplayName = "";
				INFOPLIST_KEY_NSPhotoLibraryAddUsageDescription = "HairGlam Studio requires access to your photo library to save images to your gallery, allowing you to download and store them for future use. Your photos will not be accessed for any other purpose";
				INFOPLIST_KEY_NSPhotoLibraryUsageDescription = "HairGlam Studio requires access to your photo library to save images to your gallery, allowing you to download and store them for future use. Your photos will not be accessed for any other purpose";
				INFOPLIST_KEY_UIApplicationSupportsIndirectInputEvents = YES;
				INFOPLIST_KEY_UILaunchStoryboardName = LaunchScreen;
				INFOPLIST_KEY_UIMainStoryboardFile = Main;
				INFOPLIST_KEY_UISupportedInterfaceOrientations = "UIInterfaceOrientationPortrait UIInterfaceOrientationPortraitUpsideDown";
				INFOPLIST_KEY_UISupportedInterfaceOrientations_iPad = "UIInterfaceOrientationLandscapeLeft UIInterfaceOrientationLandscapeRight UIInterfaceOrientationPortrait UIInterfaceOrientationPortraitUpsideDown";
				IPHONEOS_DEPLOYMENT_TARGET = 13.0;
				LD_RUNPATH_SEARCH_PATHS = (
					"$(inherited)",
					"@executable_path/Frameworks",
				);
				MARKETING_VERSION = 1.0;
				PRODUCT_BUNDLE_IDENTIFIER = com.HairGlamStudio.sm;
				PRODUCT_NAME = "$(TARGET_NAME)";
				SUPPORTED_PLATFORMS = "iphoneos iphonesimulator";
				SUPPORTS_MACCATALYST = NO;
				SUPPORTS_MAC_DESIGNED_FOR_IPHONE_IPAD = NO;
				SUPPORTS_XR_DESIGNED_FOR_IPHONE_IPAD = NO;
				SWIFT_EMIT_LOC_STRINGS = YES;
				SWIFT_VERSION = 5.0;
				TARGETED_DEVICE_FAMILY = 1;
			};
			name = Debug;
		};
		F5C0D6E42CAA94F100509359 /* Release */ = {
			isa = XCBuildConfiguration;
			baseConfigurationReference = F7F8AA6EBC55BD3CBB5BFC0C /* Pods-HairGlam Studio.release.xcconfig */;
			buildSettings = {
				ASSETCATALOG_COMPILER_APPICON_NAME = AppIcon;
				ASSETCATALOG_COMPILER_GLOBAL_ACCENT_COLOR_NAME = AccentColor;
				CODE_SIGN_STYLE = Automatic;
				CURRENT_PROJECT_VERSION = 1;
				DEVELOPMENT_TEAM = 8B5HH924MS;
				GENERATE_INFOPLIST_FILE = YES;
				INFOPLIST_FILE = "HairGlam Studio/Info.plist";
				INFOPLIST_KEY_CFBundleDisplayName = "";
				INFOPLIST_KEY_NSPhotoLibraryAddUsageDescription = "HairGlam Studio requires access to your photo library to save images to your gallery, allowing you to download and store them for future use. Your photos will not be accessed for any other purpose";
				INFOPLIST_KEY_NSPhotoLibraryUsageDescription = "HairGlam Studio requires access to your photo library to save images to your gallery, allowing you to download and store them for future use. Your photos will not be accessed for any other purpose";
				INFOPLIST_KEY_UIApplicationSupportsIndirectInputEvents = YES;
				INFOPLIST_KEY_UILaunchStoryboardName = LaunchScreen;
				INFOPLIST_KEY_UIMainStoryboardFile = Main;
				INFOPLIST_KEY_UISupportedInterfaceOrientations = "UIInterfaceOrientationPortrait UIInterfaceOrientationPortraitUpsideDown";
				INFOPLIST_KEY_UISupportedInterfaceOrientations_iPad = "UIInterfaceOrientationLandscapeLeft UIInterfaceOrientationLandscapeRight UIInterfaceOrientationPortrait UIInterfaceOrientationPortraitUpsideDown";
				IPHONEOS_DEPLOYMENT_TARGET = 13.0;
				LD_RUNPATH_SEARCH_PATHS = (
					"$(inherited)",
					"@executable_path/Frameworks",
				);
				MARKETING_VERSION = 1.0;
				PRODUCT_BUNDLE_IDENTIFIER = com.HairGlamStudio.sm;
				PRODUCT_NAME = "$(TARGET_NAME)";
				SUPPORTED_PLATFORMS = "iphoneos iphonesimulator";
				SUPPORTS_MACCATALYST = NO;
				SUPPORTS_MAC_DESIGNED_FOR_IPHONE_IPAD = NO;
				SUPPORTS_XR_DESIGNED_FOR_IPHONE_IPAD = NO;
				SWIFT_EMIT_LOC_STRINGS = YES;
				SWIFT_VERSION = 5.0;
				TARGETED_DEVICE_FAMILY = 1;
			};
			name = Release;
		};
/* End XCBuildConfiguration section */

/* Begin XCConfigurationList section */
		F5C0D6C92CAA94EE00509359 /* Build configuration list for PBXProject "HairGlam Studio" */ = {
			isa = XCConfigurationList;
			buildConfigurations = (
				F5C0D6E02CAA94F100509359 /* Debug */,
				F5C0D6E12CAA94F100509359 /* Release */,
			);
			defaultConfigurationIsVisible = 0;
			defaultConfigurationName = Release;
		};
		F5C0D6E22CAA94F100509359 /* Build configuration list for PBXNativeTarget "HairGlam Studio" */ = {
			isa = XCConfigurationList;
			buildConfigurations = (
				F5C0D6E32CAA94F100509359 /* Debug */,
				F5C0D6E42CAA94F100509359 /* Release */,
			);
			defaultConfigurationIsVisible = 0;
			defaultConfigurationName = Release;
		};
/* End XCConfigurationList section */
	};
	rootObject = F5C0D6C62CAA94EE00509359 /* Project object */;
}
